// !$*UTF8*$!
{
	archiveVersion = 1;
	classes = {
	};
	objectVersion = 50;
	objects = {

/* Begin PBXBuildFile section */
		EC0819E326FF01C5001C3F48 /* uiswiApp.swift in Sources */ = {isa = PBXBuildFile; fileRef = EC0819E226FF01C5001C3F48 /* uiswiApp.swift */; };
		EC0819E526FF01C5001C3F48 /* ContentView.swift in Sources */ = {isa = PBXBuildFile; fileRef = EC0819E426FF01C5001C3F48 /* ContentView.swift */; };
		EC0819E726FF01C6001C3F48 /* Assets.xcassets in Resources */ = {isa = PBXBuildFile; fileRef = EC0819E626FF01C6001C3F48 /* Assets.xcassets */; };
		EC0819EA26FF01C6001C3F48 /* Preview Assets.xcassets in Resources */ = {isa = PBXBuildFile; fileRef = EC0819E926FF01C6001C3F48 /* Preview Assets.xcassets */; };
		EC0819F22701441E001C3F48 /* CircleImage.swift in Sources */ = {isa = PBXBuildFile; fileRef = EC0819F12701441E001C3F48 /* CircleImage.swift */; };
		EC0819F4270145C5001C3F48 /* MapView.swift in Sources */ = {isa = PBXBuildFile; fileRef = EC0819F3270145C5001C3F48 /* MapView.swift */; };
		EC6051782701A48300B2F823 /* landmarkData.json in Resources */ = {isa = PBXBuildFile; fileRef = EC6051772701A48300B2F823 /* landmarkData.json */; };
		EC60517A2701A49E00B2F823 /* LandMark.swift in Sources */ = {isa = PBXBuildFile; fileRef = EC6051792701A49E00B2F823 /* LandMark.swift */; };
		EC60517E2701CB7E00B2F823 /* ModelData.swift in Sources */ = {isa = PBXBuildFile; fileRef = EC60517D2701CB7E00B2F823 /* ModelData.swift */; };
		EC6051842701CD1300B2F823 /* LandMarkRow.swift in Sources */ = {isa = PBXBuildFile; fileRef = EC6051832701CD1300B2F823 /* LandMarkRow.swift */; };
		EC6051862701CF6B00B2F823 /* LandmarkList.swift in Sources */ = {isa = PBXBuildFile; fileRef = EC6051852701CF6B00B2F823 /* LandmarkList.swift */; };
		EC6051882701DE1D00B2F823 /* LandmarkDetail.swift in Sources */ = {isa = PBXBuildFile; fileRef = EC6051872701DE1D00B2F823 /* LandmarkDetail.swift */; };
		EC60518A2703257C00B2F823 /* FavoriteButton.swift in Sources */ = {isa = PBXBuildFile; fileRef = EC6051892703257C00B2F823 /* FavoriteButton.swift */; };
/* End PBXBuildFile section */

/* Begin PBXFileReference section */
		EC0819DF26FF01C5001C3F48 /* uiswi.app */ = {isa = PBXFileReference; explicitFileType = wrapper.application; includeInIndex = 0; path = uiswi.app; sourceTree = BUILT_PRODUCTS_DIR; };
		EC0819E226FF01C5001C3F48 /* uiswiApp.swift */ = {isa = PBXFileReference; lastKnownFileType = sourcecode.swift; path = uiswiApp.swift; sourceTree = "<group>"; };
		EC0819E426FF01C5001C3F48 /* ContentView.swift */ = {isa = PBXFileReference; lastKnownFileType = sourcecode.swift; path = ContentView.swift; sourceTree = "<group>"; };
		EC0819E626FF01C6001C3F48 /* Assets.xcassets */ = {isa = PBXFileReference; lastKnownFileType = folder.assetcatalog; path = Assets.xcassets; sourceTree = "<group>"; };
		EC0819E926FF01C6001C3F48 /* Preview Assets.xcassets */ = {isa = PBXFileReference; lastKnownFileType = folder.assetcatalog; path = "Preview Assets.xcassets"; sourceTree = "<group>"; };
		EC0819EB26FF01C6001C3F48 /* Info.plist */ = {isa = PBXFileReference; lastKnownFileType = text.plist.xml; path = Info.plist; sourceTree = "<group>"; };
		EC0819F12701441E001C3F48 /* CircleImage.swift */ = {isa = PBXFileReference; lastKnownFileType = sourcecode.swift; path = CircleImage.swift; sourceTree = "<group>"; };
		EC0819F3270145C5001C3F48 /* MapView.swift */ = {isa = PBXFileReference; lastKnownFileType = sourcecode.swift; path = MapView.swift; sourceTree = "<group>"; };
		EC6051772701A48300B2F823 /* landmarkData.json */ = {isa = PBXFileReference; fileEncoding = 4; lastKnownFileType = text.json; path = landmarkData.json; sourceTree = "<group>"; };
		EC6051792701A49E00B2F823 /* LandMark.swift */ = {isa = PBXFileReference; lastKnownFileType = sourcecode.swift; path = LandMark.swift; sourceTree = "<group>"; };
		EC60517D2701CB7E00B2F823 /* ModelData.swift */ = {isa = PBXFileReference; lastKnownFileType = sourcecode.swift; path = ModelData.swift; sourceTree = "<group>"; };
		EC6051832701CD1300B2F823 /* LandMarkRow.swift */ = {isa = PBXFileReference; lastKnownFileType = sourcecode.swift; path = LandMarkRow.swift; sourceTree = "<group>"; };
		EC6051852701CF6B00B2F823 /* LandmarkList.swift */ = {isa = PBXFileReference; lastKnownFileType = sourcecode.swift; path = LandmarkList.swift; sourceTree = "<group>"; };
		EC6051872701DE1D00B2F823 /* LandmarkDetail.swift */ = {isa = PBXFileReference; lastKnownFileType = sourcecode.swift; path = LandmarkDetail.swift; sourceTree = "<group>"; };
		EC6051892703257C00B2F823 /* FavoriteButton.swift */ = {isa = PBXFileReference; lastKnownFileType = sourcecode.swift; path = FavoriteButton.swift; sourceTree = "<group>"; };
/* End PBXFileReference section */

/* Begin PBXFrameworksBuildPhase section */
		EC0819DC26FF01C5001C3F48 /* Frameworks */ = {
			isa = PBXFrameworksBuildPhase;
			buildActionMask = 2147483647;
			files = (
			);
			runOnlyForDeploymentPostprocessing = 0;
		};
/* End PBXFrameworksBuildPhase section */

/* Begin PBXGroup section */
		EC0819D626FF01C5001C3F48 = {
			isa = PBXGroup;
			children = (
				EC0819E126FF01C5001C3F48 /* uiswi */,
				EC0819E026FF01C5001C3F48 /* Products */,
			);
			sourceTree = "<group>";
		};
		EC0819E026FF01C5001C3F48 /* Products */ = {
			isa = PBXGroup;
			children = (
				EC0819DF26FF01C5001C3F48 /* uiswi.app */,
			);
			name = Products;
			sourceTree = "<group>";
		};
		EC0819E126FF01C5001C3F48 /* uiswi */ = {
			isa = PBXGroup;
			children = (
				EC0819E226FF01C5001C3F48 /* uiswiApp.swift */,
				EC6051802701CC3200B2F823 /* Views */,
				EC6051822701CCAF00B2F823 /* Model */,
				EC6051812701CC5600B2F823 /* Resources */,
				EC0819EB26FF01C6001C3F48 /* Info.plist */,
				EC0819E626FF01C6001C3F48 /* Assets.xcassets */,
				EC0819E826FF01C6001C3F48 /* Preview Content */,
			);
			path = uiswi;
			sourceTree = "<group>";
		};
		EC0819E826FF01C6001C3F48 /* Preview Content */ = {
			isa = PBXGroup;
			children = (
				EC0819E926FF01C6001C3F48 /* Preview Assets.xcassets */,
			);
			path = "Preview Content";
			sourceTree = "<group>";
		};
		EC6051802701CC3200B2F823 /* Views */ = {
			isa = PBXGroup;
			children = (
				EC0819E426FF01C5001C3F48 /* ContentView.swift */,
				EC60518B2703261100B2F823 /* Landmarks */,
				EC60518C2703262B00B2F823 /* Helpers */,
			);
			path = Views;
			sourceTree = "<group>";
		};
		EC6051812701CC5600B2F823 /* Resources */ = {
			isa = PBXGroup;
			children = (
				EC6051772701A48300B2F823 /* landmarkData.json */,
			);
			path = Resources;
			sourceTree = "<group>";
		};
		EC6051822701CCAF00B2F823 /* Model */ = {
			isa = PBXGroup;
			children = (
				EC60517D2701CB7E00B2F823 /* ModelData.swift */,
				EC6051792701A49E00B2F823 /* LandMark.swift */,
			);
			path = Model;
			sourceTree = "<group>";
		};
		EC60518B2703261100B2F823 /* Landmarks */ = {
			isa = PBXGroup;
			children = (
				EC6051852701CF6B00B2F823 /* LandmarkList.swift */,
				EC6051832701CD1300B2F823 /* LandMarkRow.swift */,
				EC6051872701DE1D00B2F823 /* LandmarkDetail.swift */,
			);
			path = Landmarks;
			sourceTree = "<group>";
		};
		EC60518C2703262B00B2F823 /* Helpers */ = {
			isa = PBXGroup;
			children = (
				EC0819F12701441E001C3F48 /* CircleImage.swift */,
				EC0819F3270145C5001C3F48 /* MapView.swift */,
				EC6051892703257C00B2F823 /* FavoriteButton.swift */,
			);
			path = Helpers;
			sourceTree = "<group>";
		};
/* End PBXGroup section */

/* Begin PBXNativeTarget section */
		EC0819DE26FF01C5001C3F48 /* uiswi */ = {
			isa = PBXNativeTarget;
			buildConfigurationList = EC0819EE26FF01C6001C3F48 /* Build configuration list for PBXNativeTarget "uiswi" */;
			buildPhases = (
				EC0819DB26FF01C5001C3F48 /* Sources */,
				EC0819DC26FF01C5001C3F48 /* Frameworks */,
				EC0819DD26FF01C5001C3F48 /* Resources */,
			);
			buildRules = (
			);
			dependencies = (
			);
			name = uiswi;
			productName = uiswi;
			productReference = EC0819DF26FF01C5001C3F48 /* uiswi.app */;
			productType = "com.apple.product-type.application";
		};
/* End PBXNativeTarget section */

/* Begin PBXProject section */
		EC0819D726FF01C5001C3F48 /* Project object */ = {
			isa = PBXProject;
			attributes = {
				LastSwiftUpdateCheck = 1250;
				LastUpgradeCheck = 1250;
				TargetAttributes = {
					EC0819DE26FF01C5001C3F48 = {
						CreatedOnToolsVersion = 12.5.1;
					};
				};
			};
			buildConfigurationList = EC0819DA26FF01C5001C3F48 /* Build configuration list for PBXProject "uiswi" */;
			compatibilityVersion = "Xcode 9.3";
			developmentRegion = en;
			hasScannedForEncodings = 0;
			knownRegions = (
				en,
				Base,
			);
			mainGroup = EC0819D626FF01C5001C3F48;
			productRefGroup = EC0819E026FF01C5001C3F48 /* Products */;
			projectDirPath = "";
			projectRoot = "";
			targets = (
				EC0819DE26FF01C5001C3F48 /* uiswi */,
			);
		};
/* End PBXProject section */

/* Begin PBXResourcesBuildPhase section */
		EC0819DD26FF01C5001C3F48 /* Resources */ = {
			isa = PBXResourcesBuildPhase;
			buildActionMask = 2147483647;
			files = (
				EC0819EA26FF01C6001C3F48 /* Preview Assets.xcassets in Resources */,
				EC0819E726FF01C6001C3F48 /* Assets.xcassets in Resources */,
				EC6051782701A48300B2F823 /* landmarkData.json in Resources */,
			);
			runOnlyForDeploymentPostprocessing = 0;
		};
/* End PBXResourcesBuildPhase section */

/* Begin PBXSourcesBuildPhase section */
		EC0819DB26FF01C5001C3F48 /* Sources */ = {
			isa = PBXSourcesBuildPhase;
			buildActionMask = 2147483647;
			files = (
				EC0819E526FF01C5001C3F48 /* ContentView.swift in Sources */,
				EC6051842701CD1300B2F823 /* LandMarkRow.swift in Sources */,
				EC60517A2701A49E00B2F823 /* LandMark.swift in Sources */,
				EC60518A2703257C00B2F823 /* FavoriteButton.swift in Sources */,
				EC6051862701CF6B00B2F823 /* LandmarkList.swift in Sources */,
				EC6051882701DE1D00B2F823 /* LandmarkDetail.swift in Sources */,
				EC0819F4270145C5001C3F48 /* MapView.swift in Sources */,
				EC0819E326FF01C5001C3F48 /* uiswiApp.swift in Sources */,
				EC0819F22701441E001C3F48 /* CircleImage.swift in Sources */,
				EC60517E2701CB7E00B2F823 /* ModelData.swift in Sources */,
			);
			runOnlyForDeploymentPostprocessing = 0;
		};
/* End PBXSourcesBuildPhase section */

/* Begin XCBuildConfiguration section */
		EC0819EC26FF01C6001C3F48 /* Debug */ = {
			isa = XCBuildConfiguration;
			buildSettings = {
				ALWAYS_SEARCH_USER_PATHS = NO;
				CLANG_ANALYZER_NONNULL = YES;
				CLANG_ANALYZER_NUMBER_OBJECT_CONVERSION = YES_AGGRESSIVE;
				CLANG_CXX_LANGUAGE_STANDARD = "gnu++14";
				CLANG_CXX_LIBRARY = "libc++";
				CLANG_ENABLE_MODULES = YES;
				CLANG_ENABLE_OBJC_ARC = YES;
				CLANG_ENABLE_OBJC_WEAK = YES;
				CLANG_WARN_BLOCK_CAPTURE_AUTORELEASING = YES;
				CLANG_WARN_BOOL_CONVERSION = YES;
				CLANG_WARN_COMMA = YES;
				CLANG_WARN_CONSTANT_CONVERSION = YES;
				CLANG_WARN_DEPRECATED_OBJC_IMPLEMENTATIONS = YES;
				CLANG_WARN_DIRECT_OBJC_ISA_USAGE = YES_ERROR;
				CLANG_WARN_DOCUMENTATION_COMMENTS = YES;
				CLANG_WARN_EMPTY_BODY = YES;
				CLANG_WARN_ENUM_CONVERSION = YES;
				CLANG_WARN_INFINITE_RECURSION = YES;
				CLANG_WARN_INT_CONVERSION = YES;
				CLANG_WARN_NON_LITERAL_NULL_CONVERSION = YES;
				CLANG_WARN_OBJC_IMPLICIT_RETAIN_SELF = YES;
				CLANG_WARN_OBJC_LITERAL_CONVERSION = YES;
				CLANG_WARN_OBJC_ROOT_CLASS = YES_ERROR;
				CLANG_WARN_QUOTED_INCLUDE_IN_FRAMEWORK_HEADER = YES;
				CLANG_WARN_RANGE_LOOP_ANALYSIS = YES;
				CLANG_WARN_STRICT_PROTOTYPES = YES;
				CLANG_WARN_SUSPICIOUS_MOVE = YES;
				CLANG_WARN_UNGUARDED_AVAILABILITY = YES_AGGRESSIVE;
				CLANG_WARN_UNREACHABLE_CODE = YES;
				CLANG_WARN__DUPLICATE_METHOD_MATCH = YES;
				COPY_PHASE_STRIP = NO;
				DEBUG_INFORMATION_FORMAT = dwarf;
				ENABLE_STRICT_OBJC_MSGSEND = YES;
				ENABLE_TESTABILITY = YES;
				GCC_C_LANGUAGE_STANDARD = gnu11;
				GCC_DYNAMIC_NO_PIC = NO;
				GCC_NO_COMMON_BLOCKS = YES;
				GCC_OPTIMIZATION_LEVEL = 0;
				GCC_PREPROCESSOR_DEFINITIONS = (
					"DEBUG=1",
					"$(inherited)",
				);
				GCC_WARN_64_TO_32_BIT_CONVERSION = YES;
				GCC_WARN_ABOUT_RETURN_TYPE = YES_ERROR;
				GCC_WARN_UNDECLARED_SELECTOR = YES;
				GCC_WARN_UNINITIALIZED_AUTOS = YES_AGGRESSIVE;
				GCC_WARN_UNUSED_FUNCTION = YES;
				GCC_WARN_UNUSED_VARIABLE = YES;
				IPHONEOS_DEPLOYMENT_TARGET = 14.5;
				MTL_ENABLE_DEBUG_INFO = INCLUDE_SOURCE;
				MTL_FAST_MATH = YES;
				ONLY_ACTIVE_ARCH = YES;
				SDKROOT = iphoneos;
				SWIFT_ACTIVE_COMPILATION_CONDITIONS = DEBUG;
				SWIFT_OPTIMIZATION_LEVEL = "-Onone";
			};
			name = Debug;
		};
		EC0819ED26FF01C6001C3F48 /* Release */ = {
			isa = XCBuildConfiguration;
			buildSettings = {
				ALWAYS_SEARCH_USER_PATHS = NO;
				CLANG_ANALYZER_NONNULL = YES;
				CLANG_ANALYZER_NUMBER_OBJECT_CONVERSION = YES_AGGRESSIVE;
				CLANG_CXX_LANGUAGE_STANDARD = "gnu++14";
				CLANG_CXX_LIBRARY = "libc++";
				CLANG_ENABLE_MODULES = YES;
				CLANG_ENABLE_OBJC_ARC = YES;
				CLANG_ENABLE_OBJC_WEAK = YES;
				CLANG_WARN_BLOCK_CAPTURE_AUTORELEASING = YES;
				CLANG_WARN_BOOL_CONVERSION = YES;
				CLANG_WARN_COMMA = YES;
				CLANG_WARN_CONSTANT_CONVERSION = YES;
				CLANG_WARN_DEPRECATED_OBJC_IMPLEMENTATIONS = YES;
				CLANG_WARN_DIRECT_OBJC_ISA_USAGE = YES_ERROR;
				CLANG_WARN_DOCUMENTATION_COMMENTS = YES;
				CLANG_WARN_EMPTY_BODY = YES;
				CLANG_WARN_ENUM_CONVERSION = YES;
				CLANG_WARN_INFINITE_RECURSION = YES;
				CLANG_WARN_INT_CONVERSION = YES;
				CLANG_WARN_NON_LITERAL_NULL_CONVERSION = YES;
				CLANG_WARN_OBJC_IMPLICIT_RETAIN_SELF = YES;
				CLANG_WARN_OBJC_LITERAL_CONVERSION = YES;
				CLANG_WARN_OBJC_ROOT_CLASS = YES_ERROR;
				CLANG_WARN_QUOTED_INCLUDE_IN_FRAMEWORK_HEADER = YES;
				CLANG_WARN_RANGE_LOOP_ANALYSIS = YES;
				CLANG_WARN_STRICT_PROTOTYPES = YES;
				CLANG_WARN_SUSPICIOUS_MOVE = YES;
				CLANG_WARN_UNGUARDED_AVAILABILITY = YES_AGGRESSIVE;
				CLANG_WARN_UNREACHABLE_CODE = YES;
				CLANG_WARN__DUPLICATE_METHOD_MATCH = YES;
				COPY_PHASE_STRIP = NO;
				DEBUG_INFORMATION_FORMAT = "dwarf-with-dsym";
				ENABLE_NS_ASSERTIONS = NO;
				ENABLE_STRICT_OBJC_MSGSEND = YES;
				GCC_C_LANGUAGE_STANDARD = gnu11;
				GCC_NO_COMMON_BLOCKS = YES;
				GCC_WARN_64_TO_32_BIT_CONVERSION = YES;
				GCC_WARN_ABOUT_RETURN_TYPE = YES_ERROR;
				GCC_WARN_UNDECLARED_SELECTOR = YES;
				GCC_WARN_UNINITIALIZED_AUTOS = YES_AGGRESSIVE;
				GCC_WARN_UNUSED_FUNCTION = YES;
				GCC_WARN_UNUSED_VARIABLE = YES;
				IPHONEOS_DEPLOYMENT_TARGET = 14.5;
				MTL_ENABLE_DEBUG_INFO = NO;
				MTL_FAST_MATH = YES;
				SDKROOT = iphoneos;
				SWIFT_COMPILATION_MODE = wholemodule;
				SWIFT_OPTIMIZATION_LEVEL = "-O";
				VALIDATE_PRODUCT = YES;
			};
			name = Release;
		};
		EC0819EF26FF01C6001C3F48 /* Debug */ = {
			isa = XCBuildConfiguration;
			buildSettings = {
				ASSETCATALOG_COMPILER_APPICON_NAME = AppIcon;
				ASSETCATALOG_COMPILER_GLOBAL_ACCENT_COLOR_NAME = AccentColor;
				CODE_SIGN_STYLE = Automatic;
				DEVELOPMENT_ASSET_PATHS = "\"uiswi/Preview Content\"";
				DEVELOPMENT_TEAM = PM2865VY34;
				ENABLE_PREVIEWS = YES;
				INFOPLIST_FILE = uiswi/Info.plist;
				IPHONEOS_DEPLOYMENT_TARGET = 14.0;
				LD_RUNPATH_SEARCH_PATHS = (
					"$(inherited)",
					"@executable_path/Frameworks",
				);
				PRODUCT_BUNDLE_IDENTIFIER = new.swiui.uiswi;
				PRODUCT_NAME = "$(TARGET_NAME)";
				SWIFT_VERSION = 5.0;
				TARGETED_DEVICE_FAMILY = "1,2";
			};
			name = Debug;
		};
		EC0819F026FF01C6001C3F48 /* Release */ = {
			isa = XCBuildConfiguration;
			buildSettings = {
				ASSETCATALOG_COMPILER_APPICON_NAME = AppIcon;
				ASSETCATALOG_COMPILER_GLOBAL_ACCENT_COLOR_NAME = AccentColor;
				CODE_SIGN_STYLE = Automatic;
				DEVELOPMENT_ASSET_PATHS = "\"uiswi/Preview Content\"";
				DEVELOPMENT_TEAM = PM2865VY34;
				ENABLE_PREVIEWS = YES;
				INFOPLIST_FILE = uiswi/Info.plist;
				IPHONEOS_DEPLOYMENT_TARGET = 14.0;
				LD_RUNPATH_SEARCH_PATHS = (
					"$(inherited)",
					"@executable_path/Frameworks",
				);
				PRODUCT_BUNDLE_IDENTIFIER = new.swiui.uiswi;
				PRODUCT_NAME = "$(TARGET_NAME)";
				SWIFT_VERSION = 5.0;
				TARGETED_DEVICE_FAMILY = "1,2";
			};
			name = Release;
		};
/* End XCBuildConfiguration section */

/* Begin XCConfigurationList section */
		EC0819DA26FF01C5001C3F48 /* Build configuration list for PBXProject "uiswi" */ = {
			isa = XCConfigurationList;
			buildConfigurations = (
				EC0819EC26FF01C6001C3F48 /* Debug */,
				EC0819ED26FF01C6001C3F48 /* Release */,
			);
			defaultConfigurationIsVisible = 0;
			defaultConfigurationName = Release;
		};
		EC0819EE26FF01C6001C3F48 /* Build configuration list for PBXNativeTarget "uiswi" */ = {
			isa = XCConfigurationList;
			buildConfigurations = (
				EC0819EF26FF01C6001C3F48 /* Debug */,
				EC0819F026FF01C6001C3F48 /* Release */,
			);
			defaultConfigurationIsVisible = 0;
			defaultConfigurationName = Release;
		};
/* End XCConfigurationList section */
	};
	rootObject = EC0819D726FF01C5001C3F48 /* Project object */;
}
